
Microsoft Visual Studio Solution File, Format Version 12.00
# Visual Studio 15
VisualStudioVersion = 15.0.27130.2010
MinimumVisualStudioVersion = 10.0.40219.1
Project("{9A19103F-16F7-4668-BE54-9A1E7A4F7556}") = "ConsoleCoreProject", "ConsoleApp1NETCore\ConsoleApp1NETCore\ConsoleCoreProject.csproj", "{94A3977A-7020-4587-AE52-62259825FA3E}"
EndProject
Project("{9A19103F-16F7-4668-BE54-9A1E7A4F7556}") = "WebApplication", "ConsoleApp1NETCore\WebApplication\WebApplication.csproj", "{D81EC5BE-AB58-4E88-803C-BD21AC364EA6}"
EndProject
Project("{E53339B2-1760-4266-BCC7-CA923CBCF16C}") = "docker-compose", "ConsoleApp1NETCore\docker-compose.dcproj", "{90583EB7-3D17-44DE-94CC-7694C82E56E8}"
EndProject
Project("{9A19103F-16F7-4668-BE54-9A1E7A4F7556}") = "BLL", "Interface\BLL.csproj", "{5C803C26-795C-409C-9AFE-43C2829D37C3}"
EndProject
Project("{9A19103F-16F7-4668-BE54-9A1E7A4F7556}") = "IBLL", "ConsoleApp1NETCore\IBLL\IBLL.csproj", "{E3C1C17D-5869-4320-8339-F15E806BD285}"
EndProject
Project("{9A19103F-16F7-4668-BE54-9A1E7A4F7556}") = "Model", "Model\Model.csproj", "{A1BC54EB-7709-4BFA-B981-E9A62CAAB73C}"
EndProject
Project("{9A19103F-16F7-4668-BE54-9A1E7A4F7556}") = "Util", "Util\Util.csproj", "{04380260-44D4-4E6D-93FD-03F8E4692220}"
EndProject
Project("{9A19103F-16F7-4668-BE54-9A1E7A4F7556}") = "IDAL", "ConsoleApp1NETCore\IDAL\IDAL.csproj", "{88AA1519-4B40-49FA-8C80-FBB64D1B85DE}"
EndProject
Project("{9A19103F-16F7-4668-BE54-9A1E7A4F7556}") = "DAL", "ConsoleApp1NETCore\DAL\DAL.csproj", "{F05B1AC0-176C-43CD-8385-BEE79AC48E2C}"
EndProject
Global
	GlobalSection(SolutionConfigurationPlatforms) = preSolution
		Debug|Any CPU = Debug|Any CPU
		Release|Any CPU = Release|Any CPU
	EndGlobalSection
	GlobalSection(ProjectConfigurationPlatforms) = postSolution
		{94A3977A-7020-4587-AE52-62259825FA3E}.Debug|Any CPU.ActiveCfg = Debug|Any CPU
		{94A3977A-7020-4587-AE52-62259825FA3E}.Debug|Any CPU.Build.0 = Debug|Any CPU
		{94A3977A-7020-4587-AE52-62259825FA3E}.Release|Any CPU.ActiveCfg = Release|Any CPU
		{94A3977A-7020-4587-AE52-62259825FA3E}.Release|Any CPU.Build.0 = Release|Any CPU
		{D81EC5BE-AB58-4E88-803C-BD21AC364EA6}.Debug|Any CPU.ActiveCfg = Debug|Any CPU
		{D81EC5BE-AB58-4E88-803C-BD21AC364EA6}.Debug|Any CPU.Build.0 = Debug|Any CPU
		{D81EC5BE-AB58-4E88-803C-BD21AC364EA6}.Release|Any CPU.ActiveCfg = Release|Any CPU
		{D81EC5BE-AB58-4E88-803C-BD21AC364EA6}.Release|Any CPU.Build.0 = Release|Any CPU
		{90583EB7-3D17-44DE-94CC-7694C82E56E8}.Debug|Any CPU.ActiveCfg = Debug|Any CPU
		{90583EB7-3D17-44DE-94CC-7694C82E56E8}.Debug|Any CPU.Build.0 = Debug|Any CPU
		{90583EB7-3D17-44DE-94CC-7694C82E56E8}.Release|Any CPU.ActiveCfg = Release|Any CPU
		{90583EB7-3D17-44DE-94CC-7694C82E56E8}.Release|Any CPU.Build.0 = Release|Any CPU
		{5C803C26-795C-409C-9AFE-43C2829D37C3}.Debug|Any CPU.ActiveCfg = Debug|Any CPU
		{5C803C26-795C-409C-9AFE-43C2829D37C3}.Debug|Any CPU.Build.0 = Debug|Any CPU
		{5C803C26-795C-409C-9AFE-43C2829D37C3}.Release|Any CPU.ActiveCfg = Release|Any CPU
		{5C803C26-795C-409C-9AFE-43C2829D37C3}.Release|Any CPU.Build.0 = Release|Any CPU
		{E3C1C17D-5869-4320-8339-F15E806BD285}.Debug|Any CPU.ActiveCfg = Debug|Any CPU
		{E3C1C17D-5869-4320-8339-F15E806BD285}.Debug|Any CPU.Build.0 = Debug|Any CPU
		{E3C1C17D-5869-4320-8339-F15E806BD285}.Release|Any CPU.ActiveCfg = Release|Any CPU
		{E3C1C17D-5869-4320-8339-F15E806BD285}.Release|Any CPU.Build.0 = Release|Any CPU
		{A1BC54EB-7709-4BFA-B981-E9A62CAAB73C}.Debug|Any CPU.ActiveCfg = Debug|Any CPU
		{A1BC54EB-7709-4BFA-B981-E9A62CAAB73C}.Debug|Any CPU.Build.0 = Debug|Any CPU
		{A1BC54EB-7709-4BFA-B981-E9A62CAAB73C}.Release|Any CPU.ActiveCfg = Release|Any CPU
		{A1BC54EB-7709-4BFA-B981-E9A62CAAB73C}.Release|Any CPU.Build.0 = Release|Any CPU
		{04380260-44D4-4E6D-93FD-03F8E4692220}.Debug|Any CPU.ActiveCfg = Debug|Any CPU
		{04380260-44D4-4E6D-93FD-03F8E4692220}.Debug|Any CPU.Build.0 = Debug|Any CPU
		{04380260-44D4-4E6D-93FD-03F8E4692220}.Release|Any CPU.ActiveCfg = Release|Any CPU
		{04380260-44D4-4E6D-93FD-03F8E4692220}.Release|Any CPU.Build.0 = Release|Any CPU
		{88AA1519-4B40-49FA-8C80-FBB64D1B85DE}.Debug|Any CPU.ActiveCfg = Debug|Any CPU
		{88AA1519-4B40-49FA-8C80-FBB64D1B85DE}.Debug|Any CPU.Build.0 = Debug|Any CPU
		{88AA1519-4B40-49FA-8C80-FBB64D1B85DE}.Release|Any CPU.ActiveCfg = Release|Any CPU
		{88AA1519-4B40-49FA-8C80-FBB64D1B85DE}.Release|Any CPU.Build.0 = Release|Any CPU
		{F05B1AC0-176C-43CD-8385-BEE79AC48E2C}.Debug|Any CPU.ActiveCfg = Debug|Any CPU
		{F05B1AC0-176C-43CD-8385-BEE79AC48E2C}.Debug|Any CPU.Build.0 = Debug|Any CPU
		{F05B1AC0-176C-43CD-8385-BEE79AC48E2C}.Release|Any CPU.ActiveCfg = Release|Any CPU
		{F05B1AC0-176C-43CD-8385-BEE79AC48E2C}.Release|Any CPU.Build.0 = Release|Any CPU
	EndGlobalSection
	GlobalSection(SolutionProperties) = preSolution
		HideSolutionNode = FALSE
	EndGlobalSection
	GlobalSection(ExtensibilityGlobals) = postSolution
		SolutionGuid = {953136BC-DAAE-4E50-BAB2-0E008033F20D}
	EndGlobalSection
EndGlobal
